
Microsoft Visual Studio Solution File, Format Version 12.00
# Visual Studio 15
VisualStudioVersion = 15.0.28307.572
MinimumVisualStudioVersion = 10.0.40219.1
Project("{FAE04EC0-301F-11D3-BF4B-00C04F79EFBC}") = "WindowsFormsApplication5", "WindowsFormsApplication5\WindowsFormsApplication5.csproj", "{AA2BAF15-24D1-4C5C-8EC9-F6720E07F54B}"
EndProject
Global
	GlobalSection(SolutionConfigurationPlatforms) = preSolution
		Debug|Any CPU = Debug|Any CPU
		Release|Any CPU = Release|Any CPU
	EndGlobalSection
	GlobalSection(ProjectConfigurationPlatforms) = postSolution
		{AA2BAF15-24D1-4C5C-8EC9-F6720E07F54B}.Debug|Any CPU.ActiveCfg = Debug|Any CPU
		{AA2BAF15-24D1-4C5C-8EC9-F6720E07F54B}.Debug|Any CPU.Build.0 = Debug|Any CPU
		{AA2BAF15-24D1-4C5C-8EC9-F6720E07F54B}.Release|Any CPU.ActiveCfg = Release|Any CPU
		{AA2BAF15-24D1-4C5C-8EC9-F6720E07F54B}.Release|Any CPU.Build.0 = Release|Any CPU
	EndGlobalSection
	GlobalSection(SolutionProperties) = preSolution
		HideSolutionNode = FALSE
	EndGlobalSection
	GlobalSection(ExtensibilityGlobals) = postSolution
		SolutionGuid = {72343A7E-E9FE-4871-A517-8813CCF16F88}
	EndGlobalSection
EndGlobal
